{
    "_readme": [
        "This file locks the dependencies of your project to a known state",
        "Read more about it at https://getcomposer.org/doc/01-basic-usage.md#composer-lock-the-lock-file",
        "This file is @generated automatically"
    ],
    "hash": "9d29ec37c5d4f8fc7ce13892b9d5d0ba",
    "content-hash": "016936b4c1e26047b9445f6f8554a953",
    "packages": [
        {
            "name": "leafo/scssphp",
            "version": "v0.6.6",
            "source": {
                "type": "git",
                "url": "https://github.com/leafo/scssphp.git",
                "reference": "6fdfe19d2b13a3f12ba0792227f0718809ce4e4d"
            },
            "dist": {
                "type": "zip",
                "url": "https://api.github.com/repos/leafo/scssphp/zipball/6fdfe19d2b13a3f12ba0792227f0718809ce4e4d",
                "reference": "6fdfe19d2b13a3f12ba0792227f0718809ce4e4d",
                "shasum": ""
            },
            "require": {
                "php": ">=5.4.0"
            },
            "require-dev": {
                "kherge/box": "~2.5",
                "phpunit/phpunit": "~3.7",
                "squizlabs/php_codesniffer": "~2.5"
            },
            "bin": [
                "bin/pscss"
            ],
            "type": "library",
            "autoload": {
                "psr-4": {
                    "Leafo\\ScssPhp\\": "src/"
                }
            },
            "notification-url": "https://packagist.org/downloads/",
            "license": [
                "MIT"
            ],
            "authors": [
                {
                    "name": "Leaf Corcoran",
                    "email": "leafot@gmail.com",
                    "homepage": "http://leafo.net"
                }
            ],
            "description": "scssphp is a compiler for SCSS written in PHP.",
            "homepage": "http://leafo.github.io/scssphp/",
            "keywords": [
                "css",
                "less",
                "sass",
                "scss",
                "stylesheet"
            ],
            "time": "2016-09-11 01:34:11"
        },
        {
            "name": "michelf/php-markdown",
            "version": "1.5.1",
            "source": {
                "type": "git",
                "url": "https://github.com/michelf/php-markdown.git",
                "reference": "155287e4222d2dd69b6a21221617b50668d5892e"
            },
            "dist": {
                "type": "zip",
                "url": "https://api.github.com/repos/michelf/php-markdown/zipball/155287e4222d2dd69b6a21221617b50668d5892e",
                "reference": "155287e4222d2dd69b6a21221617b50668d5892e",
                "shasum": ""
            },
            "require": {
                "php": ">=5.3.0"
            },
            "type": "library",
            "extra": {
                "branch-alias": {
                    "dev-lib": "1.4.x-dev"
                }
            },
            "autoload": {
                "psr-0": {
                    "Michelf": ""
                }
            },
            "notification-url": "https://packagist.org/downloads/",
            "license": [
                "BSD-3-Clause"
            ],
            "authors": [
                {
                    "name": "Michel Fortin",
                    "email": "michel.fortin@michelf.ca",
                    "homepage": "https://michelf.ca/",
                    "role": "Developer"
                },
                {
                    "name": "John Gruber",
                    "homepage": "https://daringfireball.net/"
                }
            ],
            "description": "PHP Markdown",
            "homepage": "https://michelf.ca/projects/php-markdown/",
            "keywords": [
                "markdown"
            ],
            "time": "2015-12-22 18:18:12"
        },
        {
            "name": "symfony/console",
            "version": "v2.7.18",
            "source": {
                "type": "git",
                "url": "https://github.com/symfony/console.git",
                "reference": "cc3d188345b84d27a931db0969b0ff36272f451c"
            },
            "dist": {
                "type": "zip",
                "url": "https://api.github.com/repos/symfony/console/zipball/cc3d188345b84d27a931db0969b0ff36272f451c",
                "reference": "cc3d188345b84d27a931db0969b0ff36272f451c",
                "shasum": ""
            },
            "require": {
                "php": ">=5.3.9"
            },
            "require-dev": {
                "psr/log": "~1.0",
                "symfony/event-dispatcher": "~2.1",
                "symfony/process": "~2.1"
            },
            "suggest": {
                "psr/log": "For using the console logger",
                "symfony/event-dispatcher": "",
                "symfony/process": ""
            },
            "type": "library",
            "extra": {
                "branch-alias": {
                    "dev-master": "2.7-dev"
                }
            },
            "autoload": {
                "psr-4": {
                    "Symfony\\Component\\Console\\": ""
                },
                "exclude-from-classmap": [
                    "/Tests/"
                ]
            },
            "notification-url": "https://packagist.org/downloads/",
            "license": [
                "MIT"
            ],
            "authors": [
                {
                    "name": "Fabien Potencier",
                    "email": "fabien@symfony.com"
                },
                {
                    "name": "Symfony Community",
                    "homepage": "https://symfony.com/contributors"
                }
            ],
            "description": "Symfony Console Component",
            "homepage": "https://symfony.com",
            "time": "2016-09-06 07:26:07"
        },
        {
            "name": "symfony/yaml",
            "version": "v2.7.18",
            "source": {
                "type": "git",
                "url": "https://github.com/symfony/yaml.git",
                "reference": "1a9d264853100c597649f0218bb3c08c7bb3cbe8"
            },
            "dist": {
                "type": "zip",
                "url": "https://api.github.com/repos/symfony/yaml/zipball/1a9d264853100c597649f0218bb3c08c7bb3cbe8",
                "reference": "1a9d264853100c597649f0218bb3c08c7bb3cbe8",
                "shasum": ""
            },
            "require": {
                "php": ">=5.3.9"
            },
            "type": "library",
            "extra": {
                "branch-alias": {
                    "dev-master": "2.7-dev"
                }
            },
            "autoload": {
                "psr-4": {
                    "Symfony\\Component\\Yaml\\": ""
                },
                "exclude-from-classmap": [
                    "/Tests/"
                ]
            },
            "notification-url": "https://packagist.org/downloads/",
            "license": [
                "MIT"
            ],
            "authors": [
                {
                    "name": "Fabien Potencier",
                    "email": "fabien@symfony.com"
                },
                {
                    "name": "Symfony Community",
                    "homepage": "https://symfony.com/contributors"
                }
            ],
            "description": "Symfony Yaml Component",
            "homepage": "https://symfony.com",
            "time": "2016-08-31 13:10:08"
        },
        {
            "name": "twig/twig",
            "version": "v1.21.2",
            "source": {
                "type": "git",
                "url": "https://github.com/twigphp/Twig.git",
                "reference": "ddce1136beb8db29b9cd7dffa8ab518b978c9db3"
            },
            "dist": {
                "type": "zip",
                "url": "https://api.github.com/repos/twigphp/Twig/zipball/ddce1136beb8db29b9cd7dffa8ab518b978c9db3",
                "reference": "ddce1136beb8db29b9cd7dffa8ab518b978c9db3",
                "shasum": ""
            },
            "require": {
                "php": ">=5.2.7"
            },
            "require-dev": {
                "symfony/debug": "~2.7",
                "symfony/phpunit-bridge": "~2.7"
            },
            "type": "library",
            "extra": {
                "branch-alias": {
                    "dev-master": "1.21-dev"
                }
            },
            "autoload": {
                "psr-0": {
                    "Twig_": "lib/"
                }
            },
            "notification-url": "https://packagist.org/downloads/",
            "license": [
                "BSD-3-Clause"
            ],
            "authors": [
                {
                    "name": "Fabien Potencier",
                    "email": "fabien@symfony.com",
                    "homepage": "http://fabien.potencier.org",
                    "role": "Lead Developer"
                },
                {
                    "name": "Armin Ronacher",
                    "email": "armin.ronacher@active-4.com",
                    "role": "Project Founder"
                },
                {
                    "name": "Twig Team",
                    "homepage": "http://twig.sensiolabs.org/contributors",
                    "role": "Contributors"
                }
            ],
            "description": "Twig, the flexible, fast, and secure template language for PHP",
            "homepage": "http://twig.sensiolabs.org",
            "keywords": [
                "templating"
            ],
            "time": "2015-09-09 05:28:51"
        },
        {
            "name": "winglot/cubedrop",
            "version": "dev-master",
            "source": {
                "type": "git",
                "url": "git@git.inglot.net.pl:winglot/cubedrop.git",
                "reference": "e3d29a54c9ba12488eab5b94937064e726bc18e6"
            },
            "require": {
                "michelf/php-markdown": "1.5.*",
                "php": ">=5.3.3",
                "symfony/console": "2.7.*",
                "symfony/yaml": "2.7.*",
                "twig/twig": "1.21.*"
            },
            "require-dev": {
                "mockery/mockery": "dev-master",
                "phpunit/phpunit": "4.8.*",
                "simonjodet/fstesthelper": "2.*"
            },
            "bin": [
                "src/cubedrop.php"
            ],
            "type": "library",
            "autoload": {
                "psr-0": {
                    "CubeDrop": "src"
                }
            },
            "license": [
                "MIT"
            ],
            "authors": [
                {
                    "name": "Wojciech Inglot",
                    "email": "wojciech@inglot.net.pl"
                }
            ],
            "description": "CubeDrop is a static website generator converting Markdown files and using the Twig templating engine.",
            "keywords": [
                "generator",
                "markdown",
                "twig"
            ],
            "time": "2016-06-14 21:19:40"
        }
    ],
    "packages-dev": [],
    "aliases": [],
    "minimum-stability": "stable",
    "stability-flags": {
        "winglot/cubedrop": 20
    },
    "prefer-stable": false,
    "prefer-lowest": false,
    "platform": [],
    "platform-dev": []
}
